{
  "requires": true,
  "lockfileVersion": 1,
  "dependencies": {
    "maven": {
      "version": "4.7.0",
      "resolved": "https://registry.npmjs.org/maven/-/maven-4.7.0.tgz",
      "integrity": "sha512-RvXKuy2R78Qs41e0UUn3qMw13FY16ZGAb3QyAi6AfuGwGaXh1HsWpKRrdlWAnI3ZnZiuubWMFv2FkkjJ162k7Q=="
    }
  }
}
